
Microsoft Visual Studio Solution File, Format Version 12.00
# Visual Studio Version 17
VisualStudioVersion = 17.2.32526.322
MinimumVisualStudioVersion = 10.0.40219.1
Project("{9A19103F-16F7-4668-BE54-9A1E7A4F7556}") = "22SevenFincancialApp", "22SevenFincancialApp\22SevenFincancialApp.csproj", "{53DCC308-C525-4571-851A-2D3D5752DAB2}"
EndProject
Project("{FAE04EC0-301F-11D3-BF4B-00C04F79EFBC}") = "FinancialAppUnitTest", "FinancialAppUnitTest\FinancialAppUnitTest.csproj", "{FB28656A-CC04-4ADD-B0C6-A3C3DAB36D1D}"
EndProject
Global
	GlobalSection(SolutionConfigurationPlatforms) = preSolution
		Debug|Any CPU = Debug|Any CPU
		Release|Any CPU = Release|Any CPU
	EndGlobalSection
	GlobalSection(ProjectConfigurationPlatforms) = postSolution
		{53DCC308-C525-4571-851A-2D3D5752DAB2}.Debug|Any CPU.ActiveCfg = Debug|Any CPU
		{53DCC308-C525-4571-851A-2D3D5752DAB2}.Debug|Any CPU.Build.0 = Debug|Any CPU
		{53DCC308-C525-4571-851A-2D3D5752DAB2}.Release|Any CPU.ActiveCfg = Release|Any CPU
		{53DCC308-C525-4571-851A-2D3D5752DAB2}.Release|Any CPU.Build.0 = Release|Any CPU
		{FB28656A-CC04-4ADD-B0C6-A3C3DAB36D1D}.Debug|Any CPU.ActiveCfg = Debug|Any CPU
		{FB28656A-CC04-4ADD-B0C6-A3C3DAB36D1D}.Debug|Any CPU.Build.0 = Debug|Any CPU
		{FB28656A-CC04-4ADD-B0C6-A3C3DAB36D1D}.Release|Any CPU.ActiveCfg = Release|Any CPU
		{FB28656A-CC04-4ADD-B0C6-A3C3DAB36D1D}.Release|Any CPU.Build.0 = Release|Any CPU
	EndGlobalSection
	GlobalSection(SolutionProperties) = preSolution
		HideSolutionNode = FALSE
	EndGlobalSection
	GlobalSection(ExtensibilityGlobals) = postSolution
		SolutionGuid = {39CE2AD1-5AB6-4BF3-9227-9A44160ADFE6}
	EndGlobalSection
EndGlobal
